
Microsoft Visual Studio Solution File, Format Version 12.00
# Visual Studio Version 16
VisualStudioVersion = 16.0.31129.286
MinimumVisualStudioVersion = 10.0.40219.1
Project("{FAE04EC0-301F-11D3-BF4B-00C04F79EFBC}") = "Vidly1", "Vidly1\Vidly1.csproj", "{0B82C652-0B02-44F8-9436-49EADA869FBF}"
EndProject
Global
	GlobalSection(SolutionConfigurationPlatforms) = preSolution
		Debug|Any CPU = Debug|Any CPU
		Release|Any CPU = Release|Any CPU
	EndGlobalSection
	GlobalSection(ProjectConfigurationPlatforms) = postSolution
		{0B82C652-0B02-44F8-9436-49EADA869FBF}.Debug|Any CPU.ActiveCfg = Debug|Any CPU
		{0B82C652-0B02-44F8-9436-49EADA869FBF}.Debug|Any CPU.Build.0 = Debug|Any CPU
		{0B82C652-0B02-44F8-9436-49EADA869FBF}.Release|Any CPU.ActiveCfg = Release|Any CPU
		{0B82C652-0B02-44F8-9436-49EADA869FBF}.Release|Any CPU.Build.0 = Release|Any CPU
	EndGlobalSection
	GlobalSection(SolutionProperties) = preSolution
		HideSolutionNode = FALSE
	EndGlobalSection
	GlobalSection(ExtensibilityGlobals) = postSolution
		SolutionGuid = {ADDCE5B5-FD8F-4E12-8E3F-E6987EEBC8DC}
	EndGlobalSection
EndGlobal
